// !$*UTF8*$!
{
	archiveVersion = 1;
	classes = {
	};
	objectVersion = 56;
	objects = {

/* Begin PBXBuildFile section */
		37642D342BE0F272004F4743 /* IndentedLabel.swift in Sources */ = {isa = PBXBuildFile; fileRef = 37642D332BE0F272004F4743 /* IndentedLabel.swift */; };
		37642D362BE115D5004F4743 /* EmployeeType.swift in Sources */ = {isa = PBXBuildFile; fileRef = 37642D352BE115D5004F4743 /* EmployeeType.swift */; };
		3777EEBF2BDFC4EA002F7734 /* CompanyCell.swift in Sources */ = {isa = PBXBuildFile; fileRef = 3777EEBE2BDFC4EA002F7734 /* CompanyCell.swift */; };
		3777EEC12BDFD2CD002F7734 /* CompanyController+CreateCompany.swift in Sources */ = {isa = PBXBuildFile; fileRef = 3777EEC02BDFD2CD002F7734 /* CompanyController+CreateCompany.swift */; };
		3777EEC32BDFD39B002F7734 /* CompanyController+UITableView.swift in Sources */ = {isa = PBXBuildFile; fileRef = 3777EEC22BDFD39B002F7734 /* CompanyController+UITableView.swift */; };
		3777EEC52BDFDDF0002F7734 /* EmployeesController.swift in Sources */ = {isa = PBXBuildFile; fileRef = 3777EEC42BDFDDEF002F7734 /* EmployeesController.swift */; };
		3777EEC72BDFE11D002F7734 /* UIVIewController+Helpers.swift in Sources */ = {isa = PBXBuildFile; fileRef = 3777EEC62BDFE11D002F7734 /* UIVIewController+Helpers.swift */; };
		3777EECB2BDFE2CF002F7734 /* CreateEmployeeController.swift in Sources */ = {isa = PBXBuildFile; fileRef = 3777EECA2BDFE2CF002F7734 /* CreateEmployeeController.swift */; };
		377F38D12BDE34EE0077F3F6 /* AppDelegate.swift in Sources */ = {isa = PBXBuildFile; fileRef = 377F38D02BDE34EE0077F3F6 /* AppDelegate.swift */; };
		377F38D32BDE34EE0077F3F6 /* SceneDelegate.swift in Sources */ = {isa = PBXBuildFile; fileRef = 377F38D22BDE34EE0077F3F6 /* SceneDelegate.swift */; };
		377F38D52BDE34EE0077F3F6 /* CompagniesController.swift in Sources */ = {isa = PBXBuildFile; fileRef = 377F38D42BDE34EE0077F3F6 /* CompagniesController.swift */; };
		377F38DA2BDE34F00077F3F6 /* Assets.xcassets in Resources */ = {isa = PBXBuildFile; fileRef = 377F38D92BDE34F00077F3F6 /* Assets.xcassets */; };
		377F38E52BDE47640077F3F6 /* UIColor+theme.swift in Sources */ = {isa = PBXBuildFile; fileRef = 377F38E42BDE47640077F3F6 /* UIColor+theme.swift */; };
		377F38ED2BDE54450077F3F6 /* CreateCompanyController.swift in Sources */ = {isa = PBXBuildFile; fileRef = 377F38EC2BDE54450077F3F6 /* CreateCompanyController.swift */; };
		377F38F02BDE59110077F3F6 /* SnapKit in Frameworks */ = {isa = PBXBuildFile; productRef = 377F38EF2BDE59110077F3F6 /* SnapKit */; };
		377F38FC2BDEA5110077F3F6 /* CompaniesModels.xcdatamodeld in Sources */ = {isa = PBXBuildFile; fileRef = 377F38FA2BDEA5110077F3F6 /* CompaniesModels.xcdatamodeld */; };
		377F38FE2BDEB3D50077F3F6 /* CoreDataManager.swift in Sources */ = {isa = PBXBuildFile; fileRef = 377F38FD2BDEB3D50077F3F6 /* CoreDataManager.swift */; };
		377F39012BDECCED0077F3F6 /* CustomHeaderView.swift in Sources */ = {isa = PBXBuildFile; fileRef = 377F39002BDECCED0077F3F6 /* CustomHeaderView.swift */; };
		37FBDE3C2BE223DA0009A432 /* NoSocieteView.swift in Sources */ = {isa = PBXBuildFile; fileRef = 37FBDE3B2BE223DA0009A432 /* NoSocieteView.swift */; };
/* End PBXBuildFile section */

/* Begin PBXFileReference section */
		37642D332BE0F272004F4743 /* IndentedLabel.swift */ = {isa = PBXFileReference; lastKnownFileType = sourcecode.swift; path = IndentedLabel.swift; sourceTree = "<group>"; };
		37642D352BE115D5004F4743 /* EmployeeType.swift */ = {isa = PBXFileReference; lastKnownFileType = sourcecode.swift; path = EmployeeType.swift; sourceTree = "<group>"; };
		3777EEBE2BDFC4EA002F7734 /* CompanyCell.swift */ = {isa = PBXFileReference; lastKnownFileType = sourcecode.swift; path = CompanyCell.swift; sourceTree = "<group>"; };
		3777EEC02BDFD2CD002F7734 /* CompanyController+CreateCompany.swift */ = {isa = PBXFileReference; lastKnownFileType = sourcecode.swift; path = "CompanyController+CreateCompany.swift"; sourceTree = "<group>"; };
		3777EEC22BDFD39B002F7734 /* CompanyController+UITableView.swift */ = {isa = PBXFileReference; lastKnownFileType = sourcecode.swift; path = "CompanyController+UITableView.swift"; sourceTree = "<group>"; };
		3777EEC42BDFDDEF002F7734 /* EmployeesController.swift */ = {isa = PBXFileReference; lastKnownFileType = sourcecode.swift; path = EmployeesController.swift; sourceTree = "<group>"; };
		3777EEC62BDFE11D002F7734 /* UIVIewController+Helpers.swift */ = {isa = PBXFileReference; lastKnownFileType = sourcecode.swift; path = "UIVIewController+Helpers.swift"; sourceTree = "<group>"; };
		3777EECA2BDFE2CF002F7734 /* CreateEmployeeController.swift */ = {isa = PBXFileReference; lastKnownFileType = sourcecode.swift; path = CreateEmployeeController.swift; sourceTree = "<group>"; };
		377F38CD2BDE34EE0077F3F6 /* Compagnies.app */ = {isa = PBXFileReference; explicitFileType = wrapper.application; includeInIndex = 0; path = Compagnies.app; sourceTree = BUILT_PRODUCTS_DIR; };
		377F38D02BDE34EE0077F3F6 /* AppDelegate.swift */ = {isa = PBXFileReference; lastKnownFileType = sourcecode.swift; path = AppDelegate.swift; sourceTree = "<group>"; };
		377F38D22BDE34EE0077F3F6 /* SceneDelegate.swift */ = {isa = PBXFileReference; lastKnownFileType = sourcecode.swift; path = SceneDelegate.swift; sourceTree = "<group>"; };
		377F38D42BDE34EE0077F3F6 /* CompagniesController.swift */ = {isa = PBXFileReference; lastKnownFileType = sourcecode.swift; path = CompagniesController.swift; sourceTree = "<group>"; };
		377F38D92BDE34F00077F3F6 /* Assets.xcassets */ = {isa = PBXFileReference; lastKnownFileType = folder.assetcatalog; path = Assets.xcassets; sourceTree = "<group>"; };
		377F38DE2BDE34F00077F3F6 /* Info.plist */ = {isa = PBXFileReference; lastKnownFileType = text.plist.xml; path = Info.plist; sourceTree = "<group>"; };
		377F38E42BDE47640077F3F6 /* UIColor+theme.swift */ = {isa = PBXFileReference; lastKnownFileType = sourcecode.swift; path = "UIColor+theme.swift"; sourceTree = "<group>"; };
		377F38EC2BDE54450077F3F6 /* CreateCompanyController.swift */ = {isa = PBXFileReference; lastKnownFileType = sourcecode.swift; path = CreateCompanyController.swift; sourceTree = "<group>"; };
		377F38FB2BDEA5110077F3F6 /* CompaniesModels.xcdatamodel */ = {isa = PBXFileReference; lastKnownFileType = wrapper.xcdatamodel; path = CompaniesModels.xcdatamodel; sourceTree = "<group>"; };
		377F38FD2BDEB3D50077F3F6 /* CoreDataManager.swift */ = {isa = PBXFileReference; lastKnownFileType = sourcecode.swift; path = CoreDataManager.swift; sourceTree = "<group>"; };
		377F39002BDECCED0077F3F6 /* CustomHeaderView.swift */ = {isa = PBXFileReference; lastKnownFileType = sourcecode.swift; path = CustomHeaderView.swift; sourceTree = "<group>"; };
		37FBDE3B2BE223DA0009A432 /* NoSocieteView.swift */ = {isa = PBXFileReference; lastKnownFileType = sourcecode.swift; path = NoSocieteView.swift; sourceTree = "<group>"; };
/* End PBXFileReference section */

/* Begin PBXFrameworksBuildPhase section */
		377F38CA2BDE34EE0077F3F6 /* Frameworks */ = {
			isa = PBXFrameworksBuildPhase;
			buildActionMask = 2147483647;
			files = (
				377F38F02BDE59110077F3F6 /* SnapKit in Frameworks */,
			);
			runOnlyForDeploymentPostprocessing = 0;
		};
/* End PBXFrameworksBuildPhase section */

/* Begin PBXGroup section */
		3777EEC82BDFE2A0002F7734 /* Compagnies */ = {
			isa = PBXGroup;
			children = (
				3777EECC2BDFF1C5002F7734 /* Compagnies Utils */,
				377F38D42BDE34EE0077F3F6 /* CompagniesController.swift */,
				377F38EC2BDE54450077F3F6 /* CreateCompanyController.swift */,
			);
			path = Compagnies;
			sourceTree = "<group>";
		};
		3777EEC92BDFE2B0002F7734 /* Employees */ = {
			isa = PBXGroup;
			children = (
				3777EEC42BDFDDEF002F7734 /* EmployeesController.swift */,
				3777EECA2BDFE2CF002F7734 /* CreateEmployeeController.swift */,
				37642D352BE115D5004F4743 /* EmployeeType.swift */,
			);
			path = Employees;
			sourceTree = "<group>";
		};
		3777EECC2BDFF1C5002F7734 /* Compagnies Utils */ = {
			isa = PBXGroup;
			children = (
				3777EEC02BDFD2CD002F7734 /* CompanyController+CreateCompany.swift */,
				3777EEC22BDFD39B002F7734 /* CompanyController+UITableView.swift */,
			);
			path = "Compagnies Utils";
			sourceTree = "<group>";
		};
		377F38C42BDE34EE0077F3F6 = {
			isa = PBXGroup;
			children = (
				377F38CF2BDE34EE0077F3F6 /* Compagnies */,
				377F38CE2BDE34EE0077F3F6 /* Products */,
			);
			sourceTree = "<group>";
		};
		377F38CE2BDE34EE0077F3F6 /* Products */ = {
			isa = PBXGroup;
			children = (
				377F38CD2BDE34EE0077F3F6 /* Compagnies.app */,
			);
			name = Products;
			sourceTree = "<group>";
		};
		377F38CF2BDE34EE0077F3F6 /* Compagnies */ = {
			isa = PBXGroup;
			children = (
				377F38DE2BDE34F00077F3F6 /* Info.plist */,
				377F38E82BDE51FE0077F3F6 /* App */,
				377F38E92BDE52060077F3F6 /* Controller */,
				377F38EB2BDE521B0077F3F6 /* Model */,
				377F38EA2BDE520E0077F3F6 /* Utils */,
				377F39022BDECD6D0077F3F6 /* View */,
			);
			path = Compagnies;
			sourceTree = "<group>";
		};
		377F38E82BDE51FE0077F3F6 /* App */ = {
			isa = PBXGroup;
			children = (
				377F38D02BDE34EE0077F3F6 /* AppDelegate.swift */,
				377F38D22BDE34EE0077F3F6 /* SceneDelegate.swift */,
				377F38D92BDE34F00077F3F6 /* Assets.xcassets */,
			);
			path = App;
			sourceTree = "<group>";
		};
		377F38E92BDE52060077F3F6 /* Controller */ = {
			isa = PBXGroup;
			children = (
				3777EEC82BDFE2A0002F7734 /* Compagnies */,
				3777EEC92BDFE2B0002F7734 /* Employees */,
			);
			path = Controller;
			sourceTree = "<group>";
		};
		377F38EA2BDE520E0077F3F6 /* Utils */ = {
			isa = PBXGroup;
			children = (
				377F38E42BDE47640077F3F6 /* UIColor+theme.swift */,
				3777EEC62BDFE11D002F7734 /* UIVIewController+Helpers.swift */,
			);
			path = Utils;
			sourceTree = "<group>";
		};
		377F38EB2BDE521B0077F3F6 /* Model */ = {
			isa = PBXGroup;
			children = (
				377F38FA2BDEA5110077F3F6 /* CompaniesModels.xcdatamodeld */,
				377F38FD2BDEB3D50077F3F6 /* CoreDataManager.swift */,
			);
			path = Model;
			sourceTree = "<group>";
		};
		377F39022BDECD6D0077F3F6 /* View */ = {
			isa = PBXGroup;
			children = (
				377F39002BDECCED0077F3F6 /* CustomHeaderView.swift */,
				3777EEBE2BDFC4EA002F7734 /* CompanyCell.swift */,
				37642D332BE0F272004F4743 /* IndentedLabel.swift */,
				37FBDE3B2BE223DA0009A432 /* NoSocieteView.swift */,
			);
			path = View;
			sourceTree = "<group>";
		};
/* End PBXGroup section */

/* Begin PBXNativeTarget section */
		377F38CC2BDE34EE0077F3F6 /* Compagnies */ = {
			isa = PBXNativeTarget;
			buildConfigurationList = 377F38E12BDE34F00077F3F6 /* Build configuration list for PBXNativeTarget "Compagnies" */;
			buildPhases = (
				377F38C92BDE34EE0077F3F6 /* Sources */,
				377F38CA2BDE34EE0077F3F6 /* Frameworks */,
				377F38CB2BDE34EE0077F3F6 /* Resources */,
			);
			buildRules = (
			);
			dependencies = (
			);
			name = Compagnies;
			packageProductDependencies = (
				377F38EF2BDE59110077F3F6 /* SnapKit */,
			);
			productName = Compagnies;
			productReference = 377F38CD2BDE34EE0077F3F6 /* Compagnies.app */;
			productType = "com.apple.product-type.application";
		};
/* End PBXNativeTarget section */

/* Begin PBXProject section */
		377F38C52BDE34EE0077F3F6 /* Project object */ = {
			isa = PBXProject;
			attributes = {
				BuildIndependentTargetsInParallel = 1;
				LastSwiftUpdateCheck = 1530;
				LastUpgradeCheck = 1530;
				TargetAttributes = {
					377F38CC2BDE34EE0077F3F6 = {
						CreatedOnToolsVersion = 15.3;
					};
				};
			};
			buildConfigurationList = 377F38C82BDE34EE0077F3F6 /* Build configuration list for PBXProject "Compagnies" */;
			compatibilityVersion = "Xcode 14.0";
			developmentRegion = en;
			hasScannedForEncodings = 0;
			knownRegions = (
				en,
				Base,
			);
			mainGroup = 377F38C42BDE34EE0077F3F6;
			packageReferences = (
				377F38EE2BDE59110077F3F6 /* XCRemoteSwiftPackageReference "SnapKit" */,
			);
			productRefGroup = 377F38CE2BDE34EE0077F3F6 /* Products */;
			projectDirPath = "";
			projectRoot = "";
			targets = (
				377F38CC2BDE34EE0077F3F6 /* Compagnies */,
			);
		};
/* End PBXProject section */

/* Begin PBXResourcesBuildPhase section */
		377F38CB2BDE34EE0077F3F6 /* Resources */ = {
			isa = PBXResourcesBuildPhase;
			buildActionMask = 2147483647;
			files = (
				377F38DA2BDE34F00077F3F6 /* Assets.xcassets in Resources */,
			);
			runOnlyForDeploymentPostprocessing = 0;
		};
/* End PBXResourcesBuildPhase section */

/* Begin PBXSourcesBuildPhase section */
		377F38C92BDE34EE0077F3F6 /* Sources */ = {
			isa = PBXSourcesBuildPhase;
			buildActionMask = 2147483647;
			files = (
				37642D342BE0F272004F4743 /* IndentedLabel.swift in Sources */,
				377F39012BDECCED0077F3F6 /* CustomHeaderView.swift in Sources */,
				3777EECB2BDFE2CF002F7734 /* CreateEmployeeController.swift in Sources */,
				377F38D52BDE34EE0077F3F6 /* CompagniesController.swift in Sources */,
				37FBDE3C2BE223DA0009A432 /* NoSocieteView.swift in Sources */,
				377F38E52BDE47640077F3F6 /* UIColor+theme.swift in Sources */,
				3777EEC52BDFDDF0002F7734 /* EmployeesController.swift in Sources */,
				377F38D12BDE34EE0077F3F6 /* AppDelegate.swift in Sources */,
				3777EEBF2BDFC4EA002F7734 /* CompanyCell.swift in Sources */,
				3777EEC12BDFD2CD002F7734 /* CompanyController+CreateCompany.swift in Sources */,
				377F38D32BDE34EE0077F3F6 /* SceneDelegate.swift in Sources */,
				377F38FC2BDEA5110077F3F6 /* CompaniesModels.xcdatamodeld in Sources */,
				3777EEC32BDFD39B002F7734 /* CompanyController+UITableView.swift in Sources */,
				377F38FE2BDEB3D50077F3F6 /* CoreDataManager.swift in Sources */,
				3777EEC72BDFE11D002F7734 /* UIVIewController+Helpers.swift in Sources */,
				377F38ED2BDE54450077F3F6 /* CreateCompanyController.swift in Sources */,
				37642D362BE115D5004F4743 /* EmployeeType.swift in Sources */,
			);
			runOnlyForDeploymentPostprocessing = 0;
		};
/* End PBXSourcesBuildPhase section */

/* Begin XCBuildConfiguration section */
		377F38DF2BDE34F00077F3F6 /* Debug */ = {
			isa = XCBuildConfiguration;
			buildSettings = {
				ALWAYS_SEARCH_USER_PATHS = NO;
				ASSETCATALOG_COMPILER_GENERATE_SWIFT_ASSET_SYMBOL_EXTENSIONS = YES;
				CLANG_ANALYZER_NONNULL = YES;
				CLANG_ANALYZER_NUMBER_OBJECT_CONVERSION = YES_AGGRESSIVE;
				CLANG_CXX_LANGUAGE_STANDARD = "gnu++20";
				CLANG_ENABLE_MODULES = YES;
				CLANG_ENABLE_OBJC_ARC = YES;
				CLANG_ENABLE_OBJC_WEAK = YES;
				CLANG_WARN_BLOCK_CAPTURE_AUTORELEASING = YES;
				CLANG_WARN_BOOL_CONVERSION = YES;
				CLANG_WARN_COMMA = YES;
				CLANG_WARN_CONSTANT_CONVERSION = YES;
				CLANG_WARN_DEPRECATED_OBJC_IMPLEMENTATIONS = YES;
				CLANG_WARN_DIRECT_OBJC_ISA_USAGE = YES_ERROR;
				CLANG_WARN_DOCUMENTATION_COMMENTS = YES;
				CLANG_WARN_EMPTY_BODY = YES;
				CLANG_WARN_ENUM_CONVERSION = YES;
				CLANG_WARN_INFINITE_RECURSION = YES;
				CLANG_WARN_INT_CONVERSION = YES;
				CLANG_WARN_NON_LITERAL_NULL_CONVERSION = YES;
				CLANG_WARN_OBJC_IMPLICIT_RETAIN_SELF = YES;
				CLANG_WARN_OBJC_LITERAL_CONVERSION = YES;
				CLANG_WARN_OBJC_ROOT_CLASS = YES_ERROR;
				CLANG_WARN_QUOTED_INCLUDE_IN_FRAMEWORK_HEADER = YES;
				CLANG_WARN_RANGE_LOOP_ANALYSIS = YES;
				CLANG_WARN_STRICT_PROTOTYPES = YES;
				CLANG_WARN_SUSPICIOUS_MOVE = YES;
				CLANG_WARN_UNGUARDED_AVAILABILITY = YES_AGGRESSIVE;
				CLANG_WARN_UNREACHABLE_CODE = YES;
				CLANG_WARN__DUPLICATE_METHOD_MATCH = YES;
				COPY_PHASE_STRIP = NO;
				DEBUG_INFORMATION_FORMAT = dwarf;
				ENABLE_STRICT_OBJC_MSGSEND = YES;
				ENABLE_TESTABILITY = YES;
				ENABLE_USER_SCRIPT_SANDBOXING = YES;
				GCC_C_LANGUAGE_STANDARD = gnu17;
				GCC_DYNAMIC_NO_PIC = NO;
				GCC_NO_COMMON_BLOCKS = YES;
				GCC_OPTIMIZATION_LEVEL = 0;
				GCC_PREPROCESSOR_DEFINITIONS = (
					"DEBUG=1",
					"$(inherited)",
				);
				GCC_WARN_64_TO_32_BIT_CONVERSION = YES;
				GCC_WARN_ABOUT_RETURN_TYPE = YES_ERROR;
				GCC_WARN_UNDECLARED_SELECTOR = YES;
				GCC_WARN_UNINITIALIZED_AUTOS = YES_AGGRESSIVE;
				GCC_WARN_UNUSED_FUNCTION = YES;
				GCC_WARN_UNUSED_VARIABLE = YES;
				IPHONEOS_DEPLOYMENT_TARGET = 17.4;
				LOCALIZATION_PREFERS_STRING_CATALOGS = YES;
				MTL_ENABLE_DEBUG_INFO = INCLUDE_SOURCE;
				MTL_FAST_MATH = YES;
				ONLY_ACTIVE_ARCH = YES;
				SDKROOT = iphoneos;
				SWIFT_ACTIVE_COMPILATION_CONDITIONS = "DEBUG $(inherited)";
				SWIFT_OPTIMIZATION_LEVEL = "-Onone";
			};
			name = Debug;
		};
		377F38E02BDE34F00077F3F6 /* Release */ = {
			isa = XCBuildConfiguration;
			buildSettings = {
				ALWAYS_SEARCH_USER_PATHS = NO;
				ASSETCATALOG_COMPILER_GENERATE_SWIFT_ASSET_SYMBOL_EXTENSIONS = YES;
				CLANG_ANALYZER_NONNULL = YES;
				CLANG_ANALYZER_NUMBER_OBJECT_CONVERSION = YES_AGGRESSIVE;
				CLANG_CXX_LANGUAGE_STANDARD = "gnu++20";
				CLANG_ENABLE_MODULES = YES;
				CLANG_ENABLE_OBJC_ARC = YES;
				CLANG_ENABLE_OBJC_WEAK = YES;
				CLANG_WARN_BLOCK_CAPTURE_AUTORELEASING = YES;
				CLANG_WARN_BOOL_CONVERSION = YES;
				CLANG_WARN_COMMA = YES;
				CLANG_WARN_CONSTANT_CONVERSION = YES;
				CLANG_WARN_DEPRECATED_OBJC_IMPLEMENTATIONS = YES;
				CLANG_WARN_DIRECT_OBJC_ISA_USAGE = YES_ERROR;
				CLANG_WARN_DOCUMENTATION_COMMENTS = YES;
				CLANG_WARN_EMPTY_BODY = YES;
				CLANG_WARN_ENUM_CONVERSION = YES;
				CLANG_WARN_INFINITE_RECURSION = YES;
				CLANG_WARN_INT_CONVERSION = YES;
				CLANG_WARN_NON_LITERAL_NULL_CONVERSION = YES;
				CLANG_WARN_OBJC_IMPLICIT_RETAIN_SELF = YES;
				CLANG_WARN_OBJC_LITERAL_CONVERSION = YES;
				CLANG_WARN_OBJC_ROOT_CLASS = YES_ERROR;
				CLANG_WARN_QUOTED_INCLUDE_IN_FRAMEWORK_HEADER = YES;
				CLANG_WARN_RANGE_LOOP_ANALYSIS = YES;
				CLANG_WARN_STRICT_PROTOTYPES = YES;
				CLANG_WARN_SUSPICIOUS_MOVE = YES;
				CLANG_WARN_UNGUARDED_AVAILABILITY = YES_AGGRESSIVE;
				CLANG_WARN_UNREACHABLE_CODE = YES;
				CLANG_WARN__DUPLICATE_METHOD_MATCH = YES;
				COPY_PHASE_STRIP = NO;
				DEBUG_INFORMATION_FORMAT = "dwarf-with-dsym";
				ENABLE_NS_ASSERTIONS = NO;
				ENABLE_STRICT_OBJC_MSGSEND = YES;
				ENABLE_USER_SCRIPT_SANDBOXING = YES;
				GCC_C_LANGUAGE_STANDARD = gnu17;
				GCC_NO_COMMON_BLOCKS = YES;
				GCC_WARN_64_TO_32_BIT_CONVERSION = YES;
				GCC_WARN_ABOUT_RETURN_TYPE = YES_ERROR;
				GCC_WARN_UNDECLARED_SELECTOR = YES;
				GCC_WARN_UNINITIALIZED_AUTOS = YES_AGGRESSIVE;
				GCC_WARN_UNUSED_FUNCTION = YES;
				GCC_WARN_UNUSED_VARIABLE = YES;
				IPHONEOS_DEPLOYMENT_TARGET = 17.4;
				LOCALIZATION_PREFERS_STRING_CATALOGS = YES;
				MTL_ENABLE_DEBUG_INFO = NO;
				MTL_FAST_MATH = YES;
				SDKROOT = iphoneos;
				SWIFT_COMPILATION_MODE = wholemodule;
				VALIDATE_PRODUCT = YES;
			};
			name = Release;
		};
		377F38E22BDE34F00077F3F6 /* Debug */ = {
			isa = XCBuildConfiguration;
			buildSettings = {
				ASSETCATALOG_COMPILER_APPICON_NAME = AppIcon;
				ASSETCATALOG_COMPILER_GLOBAL_ACCENT_COLOR_NAME = AccentColor;
				CODE_SIGN_STYLE = Automatic;
				CURRENT_PROJECT_VERSION = 1;
				DEVELOPMENT_TEAM = R5L72AD597;
				GENERATE_INFOPLIST_FILE = YES;
				INFOPLIST_FILE = Compagnies/Info.plist;
				INFOPLIST_KEY_UIApplicationSupportsIndirectInputEvents = YES;
				INFOPLIST_KEY_UILaunchStoryboardName = LaunchScreen;
				INFOPLIST_KEY_UISupportedInterfaceOrientations = UIInterfaceOrientationPortrait;
				INFOPLIST_KEY_UISupportedInterfaceOrientations_iPad = "UIInterfaceOrientationLandscapeLeft UIInterfaceOrientationLandscapeRight UIInterfaceOrientationPortrait UIInterfaceOrientationPortraitUpsideDown";
				IPHONEOS_DEPLOYMENT_TARGET = 17.0;
				LD_RUNPATH_SEARCH_PATHS = (
					"$(inherited)",
					"@executable_path/Frameworks",
				);
				MARKETING_VERSION = 1.0;
				PRODUCT_BUNDLE_IDENTIFIER = com.oliviergeiger.Appetizers;
				PRODUCT_NAME = "$(TARGET_NAME)";
				SUPPORTED_PLATFORMS = "iphoneos iphonesimulator";
				SUPPORTS_MACCATALYST = NO;
				SUPPORTS_MAC_DESIGNED_FOR_IPHONE_IPAD = NO;
				SUPPORTS_XR_DESIGNED_FOR_IPHONE_IPAD = NO;
				SWIFT_EMIT_LOC_STRINGS = YES;
				SWIFT_VERSION = 5.0;
				TARGETED_DEVICE_FAMILY = 1;
			};
			name = Debug;
		};
		377F38E32BDE34F00077F3F6 /* Release */ = {
			isa = XCBuildConfiguration;
			buildSettings = {
				ASSETCATALOG_COMPILER_APPICON_NAME = AppIcon;
				ASSETCATALOG_COMPILER_GLOBAL_ACCENT_COLOR_NAME = AccentColor;
				CODE_SIGN_STYLE = Automatic;
				CURRENT_PROJECT_VERSION = 1;
				DEVELOPMENT_TEAM = R5L72AD597;
				GENERATE_INFOPLIST_FILE = YES;
				INFOPLIST_FILE = Compagnies/Info.plist;
				INFOPLIST_KEY_UIApplicationSupportsIndirectInputEvents = YES;
				INFOPLIST_KEY_UILaunchStoryboardName = LaunchScreen;
				INFOPLIST_KEY_UISupportedInterfaceOrientations = UIInterfaceOrientationPortrait;
				INFOPLIST_KEY_UISupportedInterfaceOrientations_iPad = "UIInterfaceOrientationLandscapeLeft UIInterfaceOrientationLandscapeRight UIInterfaceOrientationPortrait UIInterfaceOrientationPortraitUpsideDown";
				IPHONEOS_DEPLOYMENT_TARGET = 17.0;
				LD_RUNPATH_SEARCH_PATHS = (
					"$(inherited)",
					"@executable_path/Frameworks",
				);
				MARKETING_VERSION = 1.0;
				PRODUCT_BUNDLE_IDENTIFIER = com.oliviergeiger.Appetizers;
				PRODUCT_NAME = "$(TARGET_NAME)";
				SUPPORTED_PLATFORMS = "iphoneos iphonesimulator";
				SUPPORTS_MACCATALYST = NO;
				SUPPORTS_MAC_DESIGNED_FOR_IPHONE_IPAD = NO;
				SUPPORTS_XR_DESIGNED_FOR_IPHONE_IPAD = NO;
				SWIFT_EMIT_LOC_STRINGS = YES;
				SWIFT_VERSION = 5.0;
				TARGETED_DEVICE_FAMILY = 1;
			};
			name = Release;
		};
/* End XCBuildConfiguration section */

/* Begin XCConfigurationList section */
		377F38C82BDE34EE0077F3F6 /* Build configuration list for PBXProject "Compagnies" */ = {
			isa = XCConfigurationList;
			buildConfigurations = (
				377F38DF2BDE34F00077F3F6 /* Debug */,
				377F38E02BDE34F00077F3F6 /* Release */,
			);
			defaultConfigurationIsVisible = 0;
			defaultConfigurationName = Release;
		};
		377F38E12BDE34F00077F3F6 /* Build configuration list for PBXNativeTarget "Compagnies" */ = {
			isa = XCConfigurationList;
			buildConfigurations = (
				377F38E22BDE34F00077F3F6 /* Debug */,
				377F38E32BDE34F00077F3F6 /* Release */,
			);
			defaultConfigurationIsVisible = 0;
			defaultConfigurationName = Release;
		};
/* End XCConfigurationList section */

/* Begin XCRemoteSwiftPackageReference section */
		377F38EE2BDE59110077F3F6 /* XCRemoteSwiftPackageReference "SnapKit" */ = {
			isa = XCRemoteSwiftPackageReference;
			repositoryURL = "https://github.com/SnapKit/SnapKit.git";
			requirement = {
				kind = upToNextMajorVersion;
				minimumVersion = 5.7.1;
			};
		};
/* End XCRemoteSwiftPackageReference section */

/* Begin XCSwiftPackageProductDependency section */
		377F38EF2BDE59110077F3F6 /* SnapKit */ = {
			isa = XCSwiftPackageProductDependency;
			package = 377F38EE2BDE59110077F3F6 /* XCRemoteSwiftPackageReference "SnapKit" */;
			productName = SnapKit;
		};
/* End XCSwiftPackageProductDependency section */

/* Begin XCVersionGroup section */
		377F38FA2BDEA5110077F3F6 /* CompaniesModels.xcdatamodeld */ = {
			isa = XCVersionGroup;
			children = (
				377F38FB2BDEA5110077F3F6 /* CompaniesModels.xcdatamodel */,
			);
			currentVersion = 377F38FB2BDEA5110077F3F6 /* CompaniesModels.xcdatamodel */;
			path = CompaniesModels.xcdatamodeld;
			sourceTree = "<group>";
			versionGroupType = wrapper.xcdatamodel;
		};
/* End XCVersionGroup section */
	};
	rootObject = 377F38C52BDE34EE0077F3F6 /* Project object */;
}
